
Microsoft Visual Studio Solution File, Format Version 12.00
# Visual Studio Version 16
VisualStudioVersion = 16.0.29806.167
MinimumVisualStudioVersion = 10.0.40219.1
Project("{FAE04EC0-301F-11D3-BF4B-00C04F79EFBC}") = "DersMvvmYapisi.Android", "DersMvvmYapisi\DersMvvmYapisi.Android\DersMvvmYapisi.Android.csproj", "{0D4E5D6B-3C26-4D2A-83E1-487B5044A442}"
EndProject
Project("{FAE04EC0-301F-11D3-BF4B-00C04F79EFBC}") = "DersMvvmYapisi.iOS", "DersMvvmYapisi\DersMvvmYapisi.iOS\DersMvvmYapisi.iOS.csproj", "{B95820D9-2E85-445D-BDE6-19948E2FE412}"
EndProject
Project("{FAE04EC0-301F-11D3-BF4B-00C04F79EFBC}") = "DersMvvmYapisi", "DersMvvmYapisi\DersMvvmYapisi\DersMvvmYapisi.csproj", "{B42D0549-0760-42E3-8BF2-BF5BCD923590}"
EndProject
Global
	GlobalSection(SolutionConfigurationPlatforms) = preSolution
		Debug|Any CPU = Debug|Any CPU
		Debug|iPhone = Debug|iPhone
		Debug|iPhoneSimulator = Debug|iPhoneSimulator
		Release|Any CPU = Release|Any CPU
		Release|iPhone = Release|iPhone
		Release|iPhoneSimulator = Release|iPhoneSimulator
	EndGlobalSection
	GlobalSection(ProjectConfigurationPlatforms) = postSolution
		{0D4E5D6B-3C26-4D2A-83E1-487B5044A442}.Debug|Any CPU.ActiveCfg = Debug|Any CPU
		{0D4E5D6B-3C26-4D2A-83E1-487B5044A442}.Debug|Any CPU.Build.0 = Debug|Any CPU
		{0D4E5D6B-3C26-4D2A-83E1-487B5044A442}.Debug|Any CPU.Deploy.0 = Debug|Any CPU
		{0D4E5D6B-3C26-4D2A-83E1-487B5044A442}.Debug|iPhone.ActiveCfg = Debug|Any CPU
		{0D4E5D6B-3C26-4D2A-83E1-487B5044A442}.Debug|iPhone.Build.0 = Debug|Any CPU
		{0D4E5D6B-3C26-4D2A-83E1-487B5044A442}.Debug|iPhone.Deploy.0 = Debug|Any CPU
		{0D4E5D6B-3C26-4D2A-83E1-487B5044A442}.Debug|iPhoneSimulator.ActiveCfg = Debug|Any CPU
		{0D4E5D6B-3C26-4D2A-83E1-487B5044A442}.Debug|iPhoneSimulator.Build.0 = Debug|Any CPU
		{0D4E5D6B-3C26-4D2A-83E1-487B5044A442}.Debug|iPhoneSimulator.Deploy.0 = Debug|Any CPU
		{0D4E5D6B-3C26-4D2A-83E1-487B5044A442}.Release|Any CPU.ActiveCfg = Release|Any CPU
		{0D4E5D6B-3C26-4D2A-83E1-487B5044A442}.Release|Any CPU.Build.0 = Release|Any CPU
		{0D4E5D6B-3C26-4D2A-83E1-487B5044A442}.Release|Any CPU.Deploy.0 = Release|Any CPU
		{0D4E5D6B-3C26-4D2A-83E1-487B5044A442}.Release|iPhone.ActiveCfg = Release|Any CPU
		{0D4E5D6B-3C26-4D2A-83E1-487B5044A442}.Release|iPhone.Build.0 = Release|Any CPU
		{0D4E5D6B-3C26-4D2A-83E1-487B5044A442}.Release|iPhone.Deploy.0 = Release|Any CPU
		{0D4E5D6B-3C26-4D2A-83E1-487B5044A442}.Release|iPhoneSimulator.ActiveCfg = Release|Any CPU
		{0D4E5D6B-3C26-4D2A-83E1-487B5044A442}.Release|iPhoneSimulator.Build.0 = Release|Any CPU
		{0D4E5D6B-3C26-4D2A-83E1-487B5044A442}.Release|iPhoneSimulator.Deploy.0 = Release|Any CPU
		{B95820D9-2E85-445D-BDE6-19948E2FE412}.Debug|Any CPU.ActiveCfg = Debug|iPhoneSimulator
		{B95820D9-2E85-445D-BDE6-19948E2FE412}.Debug|Any CPU.Build.0 = Debug|iPhoneSimulator
		{B95820D9-2E85-445D-BDE6-19948E2FE412}.Debug|Any CPU.Deploy.0 = Debug|iPhoneSimulator
		{B95820D9-2E85-445D-BDE6-19948E2FE412}.Debug|iPhone.ActiveCfg = Debug|iPhone
		{B95820D9-2E85-445D-BDE6-19948E2FE412}.Debug|iPhone.Build.0 = Debug|iPhone
		{B95820D9-2E85-445D-BDE6-19948E2FE412}.Debug|iPhone.Deploy.0 = Debug|iPhone
		{B95820D9-2E85-445D-BDE6-19948E2FE412}.Debug|iPhoneSimulator.ActiveCfg = Debug|iPhoneSimulator
		{B95820D9-2E85-445D-BDE6-19948E2FE412}.Debug|iPhoneSimulator.Build.0 = Debug|iPhoneSimulator
		{B95820D9-2E85-445D-BDE6-19948E2FE412}.Debug|iPhoneSimulator.Deploy.0 = Debug|iPhoneSimulator
		{B95820D9-2E85-445D-BDE6-19948E2FE412}.Release|Any CPU.ActiveCfg = Release|iPhone
		{B95820D9-2E85-445D-BDE6-19948E2FE412}.Release|Any CPU.Build.0 = Release|iPhone
		{B95820D9-2E85-445D-BDE6-19948E2FE412}.Release|Any CPU.Deploy.0 = Release|iPhone
		{B95820D9-2E85-445D-BDE6-19948E2FE412}.Release|iPhone.ActiveCfg = Release|iPhone
		{B95820D9-2E85-445D-BDE6-19948E2FE412}.Release|iPhone.Build.0 = Release|iPhone
		{B95820D9-2E85-445D-BDE6-19948E2FE412}.Release|iPhone.Deploy.0 = Release|iPhone
		{B95820D9-2E85-445D-BDE6-19948E2FE412}.Release|iPhoneSimulator.ActiveCfg = Release|iPhoneSimulator
		{B95820D9-2E85-445D-BDE6-19948E2FE412}.Release|iPhoneSimulator.Build.0 = Release|iPhoneSimulator
		{B95820D9-2E85-445D-BDE6-19948E2FE412}.Release|iPhoneSimulator.Deploy.0 = Release|iPhoneSimulator
		{B42D0549-0760-42E3-8BF2-BF5BCD923590}.Debug|Any CPU.ActiveCfg = Debug|Any CPU
		{B42D0549-0760-42E3-8BF2-BF5BCD923590}.Debug|Any CPU.Build.0 = Debug|Any CPU
		{B42D0549-0760-42E3-8BF2-BF5BCD923590}.Debug|Any CPU.Deploy.0 = Debug|Any CPU
		{B42D0549-0760-42E3-8BF2-BF5BCD923590}.Debug|iPhone.ActiveCfg = Debug|Any CPU
		{B42D0549-0760-42E3-8BF2-BF5BCD923590}.Debug|iPhone.Build.0 = Debug|Any CPU
		{B42D0549-0760-42E3-8BF2-BF5BCD923590}.Debug|iPhone.Deploy.0 = Debug|Any CPU
		{B42D0549-0760-42E3-8BF2-BF5BCD923590}.Debug|iPhoneSimulator.ActiveCfg = Debug|Any CPU
		{B42D0549-0760-42E3-8BF2-BF5BCD923590}.Debug|iPhoneSimulator.Build.0 = Debug|Any CPU
		{B42D0549-0760-42E3-8BF2-BF5BCD923590}.Debug|iPhoneSimulator.Deploy.0 = Debug|Any CPU
		{B42D0549-0760-42E3-8BF2-BF5BCD923590}.Release|Any CPU.ActiveCfg = Release|Any CPU
		{B42D0549-0760-42E3-8BF2-BF5BCD923590}.Release|Any CPU.Build.0 = Release|Any CPU
		{B42D0549-0760-42E3-8BF2-BF5BCD923590}.Release|Any CPU.Deploy.0 = Release|Any CPU
		{B42D0549-0760-42E3-8BF2-BF5BCD923590}.Release|iPhone.ActiveCfg = Release|Any CPU
		{B42D0549-0760-42E3-8BF2-BF5BCD923590}.Release|iPhone.Build.0 = Release|Any CPU
		{B42D0549-0760-42E3-8BF2-BF5BCD923590}.Release|iPhone.Deploy.0 = Release|Any CPU
		{B42D0549-0760-42E3-8BF2-BF5BCD923590}.Release|iPhoneSimulator.ActiveCfg = Release|Any CPU
		{B42D0549-0760-42E3-8BF2-BF5BCD923590}.Release|iPhoneSimulator.Build.0 = Release|Any CPU
		{B42D0549-0760-42E3-8BF2-BF5BCD923590}.Release|iPhoneSimulator.Deploy.0 = Release|Any CPU
	EndGlobalSection
	GlobalSection(SolutionProperties) = preSolution
		HideSolutionNode = FALSE
	EndGlobalSection
	GlobalSection(ExtensibilityGlobals) = postSolution
		SolutionGuid = {DEFF95CE-74D1-48A8-9648-ACE78186F980}
	EndGlobalSection
EndGlobal
